// !$*UTF8*$!
{
	archiveVersion = 1;
	classes = {
	};
	objectVersion = 56;
	objects = {

/* Begin PBXBuildFile section */
		078332E8429255D5CBC2E347 /* Pods_AppOneLogin.framework in Frameworks */ = {isa = PBXBuildFile; fileRef = 084DBA46B81BB3F900FEEBA2 /* Pods_AppOneLogin.framework */; };
		EB86BB0F2B00D9FC005CEF96 /* AppDelegate.swift in Sources */ = {isa = PBXBuildFile; fileRef = EB86BB0E2B00D9FC005CEF96 /* AppDelegate.swift */; };
		EB86BB112B00D9FC005CEF96 /* SceneDelegate.swift in Sources */ = {isa = PBXBuildFile; fileRef = EB86BB102B00D9FC005CEF96 /* SceneDelegate.swift */; };
		EB86BB132B00D9FC005CEF96 /* ViewController.swift in Sources */ = {isa = PBXBuildFile; fileRef = EB86BB122B00D9FC005CEF96 /* ViewController.swift */; };
		EB86BB162B00D9FC005CEF96 /* Main.storyboard in Resources */ = {isa = PBXBuildFile; fileRef = EB86BB142B00D9FC005CEF96 /* Main.storyboard */; };
		EB86BB182B00D9FE005CEF96 /* Assets.xcassets in Resources */ = {isa = PBXBuildFile; fileRef = EB86BB172B00D9FE005CEF96 /* Assets.xcassets */; };
		EB86BB1B2B00D9FE005CEF96 /* LaunchScreen.storyboard in Resources */ = {isa = PBXBuildFile; fileRef = EB86BB192B00D9FE005CEF96 /* LaunchScreen.storyboard */; };
		EB86BB232B00DFB1005CEF96 /* LoginViewController.swift in Sources */ = {isa = PBXBuildFile; fileRef = EB86BB222B00DFB1005CEF96 /* LoginViewController.swift */; };
		EB86BB252B00E23D005CEF96 /* CreateAccountViewController.swift in Sources */ = {isa = PBXBuildFile; fileRef = EB86BB242B00E23D005CEF96 /* CreateAccountViewController.swift */; };
		EB86BB272B00E419005CEF96 /* GoogleService-Info.plist in Resources */ = {isa = PBXBuildFile; fileRef = EB86BB262B00E419005CEF96 /* GoogleService-Info.plist */; };
/* End PBXBuildFile section */

/* Begin PBXFileReference section */
		084DBA46B81BB3F900FEEBA2 /* Pods_AppOneLogin.framework */ = {isa = PBXFileReference; explicitFileType = wrapper.framework; includeInIndex = 0; path = Pods_AppOneLogin.framework; sourceTree = BUILT_PRODUCTS_DIR; };
		561CE576A38C77ADDAD6DECA /* Pods-AppOneLogin.debug.xcconfig */ = {isa = PBXFileReference; includeInIndex = 1; lastKnownFileType = text.xcconfig; name = "Pods-AppOneLogin.debug.xcconfig"; path = "Target Support Files/Pods-AppOneLogin/Pods-AppOneLogin.debug.xcconfig"; sourceTree = "<group>"; };
		EB86BB0B2B00D9FC005CEF96 /* AppOneLogin.app */ = {isa = PBXFileReference; explicitFileType = wrapper.application; includeInIndex = 0; path = AppOneLogin.app; sourceTree = BUILT_PRODUCTS_DIR; };
		EB86BB0E2B00D9FC005CEF96 /* AppDelegate.swift */ = {isa = PBXFileReference; lastKnownFileType = sourcecode.swift; path = AppDelegate.swift; sourceTree = "<group>"; };
		EB86BB102B00D9FC005CEF96 /* SceneDelegate.swift */ = {isa = PBXFileReference; lastKnownFileType = sourcecode.swift; path = SceneDelegate.swift; sourceTree = "<group>"; };
		EB86BB122B00D9FC005CEF96 /* ViewController.swift */ = {isa = PBXFileReference; lastKnownFileType = sourcecode.swift; path = ViewController.swift; sourceTree = "<group>"; };
		EB86BB152B00D9FC005CEF96 /* Base */ = {isa = PBXFileReference; lastKnownFileType = file.storyboard; name = Base; path = Base.lproj/Main.storyboard; sourceTree = "<group>"; };
		EB86BB172B00D9FE005CEF96 /* Assets.xcassets */ = {isa = PBXFileReference; lastKnownFileType = folder.assetcatalog; path = Assets.xcassets; sourceTree = "<group>"; };
		EB86BB1A2B00D9FE005CEF96 /* Base */ = {isa = PBXFileReference; lastKnownFileType = file.storyboard; name = Base; path = Base.lproj/LaunchScreen.storyboard; sourceTree = "<group>"; };
		EB86BB1C2B00D9FE005CEF96 /* Info.plist */ = {isa = PBXFileReference; lastKnownFileType = text.plist.xml; path = Info.plist; sourceTree = "<group>"; };
		EB86BB222B00DFB1005CEF96 /* LoginViewController.swift */ = {isa = PBXFileReference; lastKnownFileType = sourcecode.swift; path = LoginViewController.swift; sourceTree = "<group>"; };
		EB86BB242B00E23D005CEF96 /* CreateAccountViewController.swift */ = {isa = PBXFileReference; lastKnownFileType = sourcecode.swift; path = CreateAccountViewController.swift; sourceTree = "<group>"; };
		EB86BB262B00E419005CEF96 /* GoogleService-Info.plist */ = {isa = PBXFileReference; fileEncoding = 4; lastKnownFileType = text.plist.xml; path = "GoogleService-Info.plist"; sourceTree = "<group>"; };
		FBE58E409AD20BBE6130570F /* Pods-AppOneLogin.release.xcconfig */ = {isa = PBXFileReference; includeInIndex = 1; lastKnownFileType = text.xcconfig; name = "Pods-AppOneLogin.release.xcconfig"; path = "Target Support Files/Pods-AppOneLogin/Pods-AppOneLogin.release.xcconfig"; sourceTree = "<group>"; };
/* End PBXFileReference section */

/* Begin PBXFrameworksBuildPhase section */
		EB86BB082B00D9FC005CEF96 /* Frameworks */ = {
			isa = PBXFrameworksBuildPhase;
			buildActionMask = 2147483647;
			files = (
				078332E8429255D5CBC2E347 /* Pods_AppOneLogin.framework in Frameworks */,
			);
			runOnlyForDeploymentPostprocessing = 0;
		};
/* End PBXFrameworksBuildPhase section */

/* Begin PBXGroup section */
		D2EF0DD7E903FB67CCB60315 /* Pods */ = {
			isa = PBXGroup;
			children = (
				561CE576A38C77ADDAD6DECA /* Pods-AppOneLogin.debug.xcconfig */,
				FBE58E409AD20BBE6130570F /* Pods-AppOneLogin.release.xcconfig */,
			);
			name = Pods;
			path = Pods;
			sourceTree = "<group>";
		};
		E31AD9B2CC1853AECDEED0E6 /* Frameworks */ = {
			isa = PBXGroup;
			children = (
				084DBA46B81BB3F900FEEBA2 /* Pods_AppOneLogin.framework */,
			);
			name = Frameworks;
			sourceTree = "<group>";
		};
		EB86BB022B00D9FC005CEF96 = {
			isa = PBXGroup;
			children = (
				EB86BB0D2B00D9FC005CEF96 /* AppOneLogin */,
				EB86BB0C2B00D9FC005CEF96 /* Products */,
				D2EF0DD7E903FB67CCB60315 /* Pods */,
				E31AD9B2CC1853AECDEED0E6 /* Frameworks */,
			);
			sourceTree = "<group>";
		};
		EB86BB0C2B00D9FC005CEF96 /* Products */ = {
			isa = PBXGroup;
			children = (
				EB86BB0B2B00D9FC005CEF96 /* AppOneLogin.app */,
			);
			name = Products;
			sourceTree = "<group>";
		};
		EB86BB0D2B00D9FC005CEF96 /* AppOneLogin */ = {
			isa = PBXGroup;
			children = (
				EB86BB262B00E419005CEF96 /* GoogleService-Info.plist */,
				EB86BB0E2B00D9FC005CEF96 /* AppDelegate.swift */,
				EB86BB102B00D9FC005CEF96 /* SceneDelegate.swift */,
				EB86BB122B00D9FC005CEF96 /* ViewController.swift */,
				EB86BB142B00D9FC005CEF96 /* Main.storyboard */,
				EB86BB242B00E23D005CEF96 /* CreateAccountViewController.swift */,
				EB86BB222B00DFB1005CEF96 /* LoginViewController.swift */,
				EB86BB172B00D9FE005CEF96 /* Assets.xcassets */,
				EB86BB192B00D9FE005CEF96 /* LaunchScreen.storyboard */,
				EB86BB1C2B00D9FE005CEF96 /* Info.plist */,
			);
			path = AppOneLogin;
			sourceTree = "<group>";
		};
/* End PBXGroup section */

/* Begin PBXNativeTarget section */
		EB86BB0A2B00D9FC005CEF96 /* AppOneLogin */ = {
			isa = PBXNativeTarget;
			buildConfigurationList = EB86BB1F2B00D9FE005CEF96 /* Build configuration list for PBXNativeTarget "AppOneLogin" */;
			buildPhases = (
				45AAD5EA477C6B78C49A3A7A /* [CP] Check Pods Manifest.lock */,
				EB86BB072B00D9FC005CEF96 /* Sources */,
				EB86BB082B00D9FC005CEF96 /* Frameworks */,
				EB86BB092B00D9FC005CEF96 /* Resources */,
				3D9F2484AAD700D17ADFAA55 /* [CP] Embed Pods Frameworks */,
			);
			buildRules = (
			);
			dependencies = (
			);
			name = AppOneLogin;
			productName = AppOneLogin;
			productReference = EB86BB0B2B00D9FC005CEF96 /* AppOneLogin.app */;
			productType = "com.apple.product-type.application";
		};
/* End PBXNativeTarget section */

/* Begin PBXProject section */
		EB86BB032B00D9FC005CEF96 /* Project object */ = {
			isa = PBXProject;
			attributes = {
				BuildIndependentTargetsInParallel = 1;
				LastSwiftUpdateCheck = 1420;
				LastUpgradeCheck = 1420;
				TargetAttributes = {
					EB86BB0A2B00D9FC005CEF96 = {
						CreatedOnToolsVersion = 14.2;
					};
				};
			};
			buildConfigurationList = EB86BB062B00D9FC005CEF96 /* Build configuration list for PBXProject "AppOneLogin" */;
			compatibilityVersion = "Xcode 14.0";
			developmentRegion = en;
			hasScannedForEncodings = 0;
			knownRegions = (
				en,
				Base,
			);
			mainGroup = EB86BB022B00D9FC005CEF96;
			productRefGroup = EB86BB0C2B00D9FC005CEF96 /* Products */;
			projectDirPath = "";
			projectRoot = "";
			targets = (
				EB86BB0A2B00D9FC005CEF96 /* AppOneLogin */,
			);
		};
/* End PBXProject section */

/* Begin PBXResourcesBuildPhase section */
		EB86BB092B00D9FC005CEF96 /* Resources */ = {
			isa = PBXResourcesBuildPhase;
			buildActionMask = 2147483647;
			files = (
				EB86BB1B2B00D9FE005CEF96 /* LaunchScreen.storyboard in Resources */,
				EB86BB272B00E419005CEF96 /* GoogleService-Info.plist in Resources */,
				EB86BB182B00D9FE005CEF96 /* Assets.xcassets in Resources */,
				EB86BB162B00D9FC005CEF96 /* Main.storyboard in Resources */,
			);
			runOnlyForDeploymentPostprocessing = 0;
		};
/* End PBXResourcesBuildPhase section */

/* Begin PBXShellScriptBuildPhase section */
		3D9F2484AAD700D17ADFAA55 /* [CP] Embed Pods Frameworks */ = {
			isa = PBXShellScriptBuildPhase;
			buildActionMask = 2147483647;
			files = (
			);
			inputFileListPaths = (
				"${PODS_ROOT}/Target Support Files/Pods-AppOneLogin/Pods-AppOneLogin-frameworks-${CONFIGURATION}-input-files.xcfilelist",
			);
			name = "[CP] Embed Pods Frameworks";
			outputFileListPaths = (
				"${PODS_ROOT}/Target Support Files/Pods-AppOneLogin/Pods-AppOneLogin-frameworks-${CONFIGURATION}-output-files.xcfilelist",
			);
			runOnlyForDeploymentPostprocessing = 0;
			shellPath = /bin/sh;
			shellScript = "\"${PODS_ROOT}/Target Support Files/Pods-AppOneLogin/Pods-AppOneLogin-frameworks.sh\"\n";
			showEnvVarsInLog = 0;
		};
		45AAD5EA477C6B78C49A3A7A /* [CP] Check Pods Manifest.lock */ = {
			isa = PBXShellScriptBuildPhase;
			buildActionMask = 2147483647;
			files = (
			);
			inputFileListPaths = (
			);
			inputPaths = (
				"${PODS_PODFILE_DIR_PATH}/Podfile.lock",
				"${PODS_ROOT}/Manifest.lock",
			);
			name = "[CP] Check Pods Manifest.lock";
			outputFileListPaths = (
			);
			outputPaths = (
				"$(DERIVED_FILE_DIR)/Pods-AppOneLogin-checkManifestLockResult.txt",
			);
			runOnlyForDeploymentPostprocessing = 0;
			shellPath = /bin/sh;
			shellScript = "diff \"${PODS_PODFILE_DIR_PATH}/Podfile.lock\" \"${PODS_ROOT}/Manifest.lock\" > /dev/null\nif [ $? != 0 ] ; then\n    # print error to STDERR\n    echo \"error: The sandbox is not in sync with the Podfile.lock. Run 'pod install' or update your CocoaPods installation.\" >&2\n    exit 1\nfi\n# This output is used by Xcode 'outputs' to avoid re-running this script phase.\necho \"SUCCESS\" > \"${SCRIPT_OUTPUT_FILE_0}\"\n";
			showEnvVarsInLog = 0;
		};
/* End PBXShellScriptBuildPhase section */

/* Begin PBXSourcesBuildPhase section */
		EB86BB072B00D9FC005CEF96 /* Sources */ = {
			isa = PBXSourcesBuildPhase;
			buildActionMask = 2147483647;
			files = (
				EB86BB252B00E23D005CEF96 /* CreateAccountViewController.swift in Sources */,
				EB86BB232B00DFB1005CEF96 /* LoginViewController.swift in Sources */,
				EB86BB132B00D9FC005CEF96 /* ViewController.swift in Sources */,
				EB86BB0F2B00D9FC005CEF96 /* AppDelegate.swift in Sources */,
				EB86BB112B00D9FC005CEF96 /* SceneDelegate.swift in Sources */,
			);
			runOnlyForDeploymentPostprocessing = 0;
		};
/* End PBXSourcesBuildPhase section */

/* Begin PBXVariantGroup section */
		EB86BB142B00D9FC005CEF96 /* Main.storyboard */ = {
			isa = PBXVariantGroup;
			children = (
				EB86BB152B00D9FC005CEF96 /* Base */,
			);
			name = Main.storyboard;
			sourceTree = "<group>";
		};
		EB86BB192B00D9FE005CEF96 /* LaunchScreen.storyboard */ = {
			isa = PBXVariantGroup;
			children = (
				EB86BB1A2B00D9FE005CEF96 /* Base */,
			);
			name = LaunchScreen.storyboard;
			sourceTree = "<group>";
		};
/* End PBXVariantGroup section */

/* Begin XCBuildConfiguration section */
		EB86BB1D2B00D9FE005CEF96 /* Debug */ = {
			isa = XCBuildConfiguration;
			buildSettings = {
				ALWAYS_SEARCH_USER_PATHS = NO;
				CLANG_ANALYZER_NONNULL = YES;
				CLANG_ANALYZER_NUMBER_OBJECT_CONVERSION = YES_AGGRESSIVE;
				CLANG_CXX_LANGUAGE_STANDARD = "gnu++20";
				CLANG_ENABLE_MODULES = YES;
				CLANG_ENABLE_OBJC_ARC = YES;
				CLANG_ENABLE_OBJC_WEAK = YES;
				CLANG_WARN_BLOCK_CAPTURE_AUTORELEASING = YES;
				CLANG_WARN_BOOL_CONVERSION = YES;
				CLANG_WARN_COMMA = YES;
				CLANG_WARN_CONSTANT_CONVERSION = YES;
				CLANG_WARN_DEPRECATED_OBJC_IMPLEMENTATIONS = YES;
				CLANG_WARN_DIRECT_OBJC_ISA_USAGE = YES_ERROR;
				CLANG_WARN_DOCUMENTATION_COMMENTS = YES;
				CLANG_WARN_EMPTY_BODY = YES;
				CLANG_WARN_ENUM_CONVERSION = YES;
				CLANG_WARN_INFINITE_RECURSION = YES;
				CLANG_WARN_INT_CONVERSION = YES;
				CLANG_WARN_NON_LITERAL_NULL_CONVERSION = YES;
				CLANG_WARN_OBJC_IMPLICIT_RETAIN_SELF = YES;
				CLANG_WARN_OBJC_LITERAL_CONVERSION = YES;
				CLANG_WARN_OBJC_ROOT_CLASS = YES_ERROR;
				CLANG_WARN_QUOTED_INCLUDE_IN_FRAMEWORK_HEADER = YES;
				CLANG_WARN_RANGE_LOOP_ANALYSIS = YES;
				CLANG_WARN_STRICT_PROTOTYPES = YES;
				CLANG_WARN_SUSPICIOUS_MOVE = YES;
				CLANG_WARN_UNGUARDED_AVAILABILITY = YES_AGGRESSIVE;
				CLANG_WARN_UNREACHABLE_CODE = YES;
				CLANG_WARN__DUPLICATE_METHOD_MATCH = YES;
				COPY_PHASE_STRIP = NO;
				DEBUG_INFORMATION_FORMAT = dwarf;
				ENABLE_STRICT_OBJC_MSGSEND = YES;
				ENABLE_TESTABILITY = YES;
				GCC_C_LANGUAGE_STANDARD = gnu11;
				GCC_DYNAMIC_NO_PIC = NO;
				GCC_NO_COMMON_BLOCKS = YES;
				GCC_OPTIMIZATION_LEVEL = 0;
				GCC_PREPROCESSOR_DEFINITIONS = (
					"DEBUG=1",
					"$(inherited)",
				);
				GCC_WARN_64_TO_32_BIT_CONVERSION = YES;
				GCC_WARN_ABOUT_RETURN_TYPE = YES_ERROR;
				GCC_WARN_UNDECLARED_SELECTOR = YES;
				GCC_WARN_UNINITIALIZED_AUTOS = YES_AGGRESSIVE;
				GCC_WARN_UNUSED_FUNCTION = YES;
				GCC_WARN_UNUSED_VARIABLE = YES;
				IPHONEOS_DEPLOYMENT_TARGET = 16.2;
				MTL_ENABLE_DEBUG_INFO = INCLUDE_SOURCE;
				MTL_FAST_MATH = YES;
				ONLY_ACTIVE_ARCH = YES;
				SDKROOT = iphoneos;
				SWIFT_ACTIVE_COMPILATION_CONDITIONS = DEBUG;
				SWIFT_OPTIMIZATION_LEVEL = "-Onone";
			};
			name = Debug;
		};
		EB86BB1E2B00D9FE005CEF96 /* Release */ = {
			isa = XCBuildConfiguration;
			buildSettings = {
				ALWAYS_SEARCH_USER_PATHS = NO;
				CLANG_ANALYZER_NONNULL = YES;
				CLANG_ANALYZER_NUMBER_OBJECT_CONVERSION = YES_AGGRESSIVE;
				CLANG_CXX_LANGUAGE_STANDARD = "gnu++20";
				CLANG_ENABLE_MODULES = YES;
				CLANG_ENABLE_OBJC_ARC = YES;
				CLANG_ENABLE_OBJC_WEAK = YES;
				CLANG_WARN_BLOCK_CAPTURE_AUTORELEASING = YES;
				CLANG_WARN_BOOL_CONVERSION = YES;
				CLANG_WARN_COMMA = YES;
				CLANG_WARN_CONSTANT_CONVERSION = YES;
				CLANG_WARN_DEPRECATED_OBJC_IMPLEMENTATIONS = YES;
				CLANG_WARN_DIRECT_OBJC_ISA_USAGE = YES_ERROR;
				CLANG_WARN_DOCUMENTATION_COMMENTS = YES;
				CLANG_WARN_EMPTY_BODY = YES;
				CLANG_WARN_ENUM_CONVERSION = YES;
				CLANG_WARN_INFINITE_RECURSION = YES;
				CLANG_WARN_INT_CONVERSION = YES;
				CLANG_WARN_NON_LITERAL_NULL_CONVERSION = YES;
				CLANG_WARN_OBJC_IMPLICIT_RETAIN_SELF = YES;
				CLANG_WARN_OBJC_LITERAL_CONVERSION = YES;
				CLANG_WARN_OBJC_ROOT_CLASS = YES_ERROR;
				CLANG_WARN_QUOTED_INCLUDE_IN_FRAMEWORK_HEADER = YES;
				CLANG_WARN_RANGE_LOOP_ANALYSIS = YES;
				CLANG_WARN_STRICT_PROTOTYPES = YES;
				CLANG_WARN_SUSPICIOUS_MOVE = YES;
				CLANG_WARN_UNGUARDED_AVAILABILITY = YES_AGGRESSIVE;
				CLANG_WARN_UNREACHABLE_CODE = YES;
				CLANG_WARN__DUPLICATE_METHOD_MATCH = YES;
				COPY_PHASE_STRIP = NO;
				DEBUG_INFORMATION_FORMAT = "dwarf-with-dsym";
				ENABLE_NS_ASSERTIONS = NO;
				ENABLE_STRICT_OBJC_MSGSEND = YES;
				GCC_C_LANGUAGE_STANDARD = gnu11;
				GCC_NO_COMMON_BLOCKS = YES;
				GCC_WARN_64_TO_32_BIT_CONVERSION = YES;
				GCC_WARN_ABOUT_RETURN_TYPE = YES_ERROR;
				GCC_WARN_UNDECLARED_SELECTOR = YES;
				GCC_WARN_UNINITIALIZED_AUTOS = YES_AGGRESSIVE;
				GCC_WARN_UNUSED_FUNCTION = YES;
				GCC_WARN_UNUSED_VARIABLE = YES;
				IPHONEOS_DEPLOYMENT_TARGET = 16.2;
				MTL_ENABLE_DEBUG_INFO = NO;
				MTL_FAST_MATH = YES;
				SDKROOT = iphoneos;
				SWIFT_COMPILATION_MODE = wholemodule;
				SWIFT_OPTIMIZATION_LEVEL = "-O";
				VALIDATE_PRODUCT = YES;
			};
			name = Release;
		};
		EB86BB202B00D9FE005CEF96 /* Debug */ = {
			isa = XCBuildConfiguration;
			baseConfigurationReference = 561CE576A38C77ADDAD6DECA /* Pods-AppOneLogin.debug.xcconfig */;
			buildSettings = {
				ASSETCATALOG_COMPILER_APPICON_NAME = AppIcon;
				ASSETCATALOG_COMPILER_GLOBAL_ACCENT_COLOR_NAME = AccentColor;
				CODE_SIGN_STYLE = Automatic;
				CURRENT_PROJECT_VERSION = 1;
				DEVELOPMENT_TEAM = CXTXJQMUG9;
				GENERATE_INFOPLIST_FILE = YES;
				INFOPLIST_FILE = AppOneLogin/Info.plist;
				INFOPLIST_KEY_UIApplicationSupportsIndirectInputEvents = YES;
				INFOPLIST_KEY_UILaunchStoryboardName = LaunchScreen;
				INFOPLIST_KEY_UIMainStoryboardFile = Main;
				INFOPLIST_KEY_UISupportedInterfaceOrientations_iPad = "UIInterfaceOrientationPortrait UIInterfaceOrientationPortraitUpsideDown UIInterfaceOrientationLandscapeLeft UIInterfaceOrientationLandscapeRight";
				INFOPLIST_KEY_UISupportedInterfaceOrientations_iPhone = "UIInterfaceOrientationPortrait UIInterfaceOrientationLandscapeLeft UIInterfaceOrientationLandscapeRight";
				LD_RUNPATH_SEARCH_PATHS = (
					"$(inherited)",
					"@executable_path/Frameworks",
				);
				MARKETING_VERSION = 1.0;
				PRODUCT_BUNDLE_IDENTIFIER = com.ahmeddh.AppOneLogin;
				PRODUCT_NAME = "$(TARGET_NAME)";
				SWIFT_EMIT_LOC_STRINGS = YES;
				SWIFT_VERSION = 5.0;
				TARGETED_DEVICE_FAMILY = "1,2";
			};
			name = Debug;
		};
		EB86BB212B00D9FE005CEF96 /* Release */ = {
			isa = XCBuildConfiguration;
			baseConfigurationReference = FBE58E409AD20BBE6130570F /* Pods-AppOneLogin.release.xcconfig */;
			buildSettings = {
				ASSETCATALOG_COMPILER_APPICON_NAME = AppIcon;
				ASSETCATALOG_COMPILER_GLOBAL_ACCENT_COLOR_NAME = AccentColor;
				CODE_SIGN_STYLE = Automatic;
				CURRENT_PROJECT_VERSION = 1;
				DEVELOPMENT_TEAM = CXTXJQMUG9;
				GENERATE_INFOPLIST_FILE = YES;
				INFOPLIST_FILE = AppOneLogin/Info.plist;
				INFOPLIST_KEY_UIApplicationSupportsIndirectInputEvents = YES;
				INFOPLIST_KEY_UILaunchStoryboardName = LaunchScreen;
				INFOPLIST_KEY_UIMainStoryboardFile = Main;
				INFOPLIST_KEY_UISupportedInterfaceOrientations_iPad = "UIInterfaceOrientationPortrait UIInterfaceOrientationPortraitUpsideDown UIInterfaceOrientationLandscapeLeft UIInterfaceOrientationLandscapeRight";
				INFOPLIST_KEY_UISupportedInterfaceOrientations_iPhone = "UIInterfaceOrientationPortrait UIInterfaceOrientationLandscapeLeft UIInterfaceOrientationLandscapeRight";
				LD_RUNPATH_SEARCH_PATHS = (
					"$(inherited)",
					"@executable_path/Frameworks",
				);
				MARKETING_VERSION = 1.0;
				PRODUCT_BUNDLE_IDENTIFIER = com.ahmeddh.AppOneLogin;
				PRODUCT_NAME = "$(TARGET_NAME)";
				SWIFT_EMIT_LOC_STRINGS = YES;
				SWIFT_VERSION = 5.0;
				TARGETED_DEVICE_FAMILY = "1,2";
			};
			name = Release;
		};
/* End XCBuildConfiguration section */

/* Begin XCConfigurationList section */
		EB86BB062B00D9FC005CEF96 /* Build configuration list for PBXProject "AppOneLogin" */ = {
			isa = XCConfigurationList;
			buildConfigurations = (
				EB86BB1D2B00D9FE005CEF96 /* Debug */,
				EB86BB1E2B00D9FE005CEF96 /* Release */,
			);
			defaultConfigurationIsVisible = 0;
			defaultConfigurationName = Release;
		};
		EB86BB1F2B00D9FE005CEF96 /* Build configuration list for PBXNativeTarget "AppOneLogin" */ = {
			isa = XCConfigurationList;
			buildConfigurations = (
				EB86BB202B00D9FE005CEF96 /* Debug */,
				EB86BB212B00D9FE005CEF96 /* Release */,
			);
			defaultConfigurationIsVisible = 0;
			defaultConfigurationName = Release;
		};
/* End XCConfigurationList section */
	};
	rootObject = EB86BB032B00D9FC005CEF96 /* Project object */;
}
